
Microsoft Visual Studio Solution File, Format Version 12.00
# Visual Studio Version 16
VisualStudioVersion = 16.0.29102.190
MinimumVisualStudioVersion = 10.0.40219.1
Project("{FAE04EC0-301F-11D3-BF4B-00C04F79EFBC}") = "InterviewTasks", "InterviewTasks.csproj", "{355B3467-7F82-4858-A6A9-39BE87363FA3}"
EndProject
Global
	GlobalSection(SolutionConfigurationPlatforms) = preSolution
		Debug|Any CPU = Debug|Any CPU
		Release|Any CPU = Release|Any CPU
	EndGlobalSection
	GlobalSection(ProjectConfigurationPlatforms) = postSolution
		{355B3467-7F82-4858-A6A9-39BE87363FA3}.Debug|Any CPU.ActiveCfg = Debug|Any CPU
		{355B3467-7F82-4858-A6A9-39BE87363FA3}.Debug|Any CPU.Build.0 = Debug|Any CPU
		{355B3467-7F82-4858-A6A9-39BE87363FA3}.Release|Any CPU.ActiveCfg = Release|Any CPU
		{355B3467-7F82-4858-A6A9-39BE87363FA3}.Release|Any CPU.Build.0 = Release|Any CPU
	EndGlobalSection
	GlobalSection(SolutionProperties) = preSolution
		HideSolutionNode = FALSE
	EndGlobalSection
	GlobalSection(ExtensibilityGlobals) = postSolution
		SolutionGuid = {5D36610F-4545-4DCE-BDA5-C64445593FD3}
	EndGlobalSection
EndGlobal
